
Microsoft Visual Studio Solution File, Format Version 12.00
# Visual Studio 15
VisualStudioVersion = 15.0.27130.2036
MinimumVisualStudioVersion = 10.0.40219.1
Project("{8BC9CEB8-8B4A-11D0-8D11-00A0C91BC942}") = "tacsim", "tacsim.vcxproj", "{41F05DE7-DABE-4156-8DB1-AE4F6C9DBF77}"
EndProject
Global
	GlobalSection(SolutionConfigurationPlatforms) = preSolution
		Debug|x64 = Debug|x64
		Debug|x86 = Debug|x86
		DebugCXX|x64 = DebugCXX|x64
		DebugCXX|x86 = DebugCXX|x86
		Release|x64 = Release|x64
		Release|x86 = Release|x86
		ReleaseCXX|x64 = ReleaseCXX|x64
		ReleaseCXX|x86 = ReleaseCXX|x86
	EndGlobalSection
	GlobalSection(ProjectConfigurationPlatforms) = postSolution
		{41F05DE7-DABE-4156-8DB1-AE4F6C9DBF77}.Debug|x64.ActiveCfg = Debug|x64
		{41F05DE7-DABE-4156-8DB1-AE4F6C9DBF77}.Debug|x64.Build.0 = Debug|x64
		{41F05DE7-DABE-4156-8DB1-AE4F6C9DBF77}.Debug|x86.ActiveCfg = Debug|Win32
		{41F05DE7-DABE-4156-8DB1-AE4F6C9DBF77}.Debug|x86.Build.0 = Debug|Win32
		{41F05DE7-DABE-4156-8DB1-AE4F6C9DBF77}.DebugCXX|x64.ActiveCfg = DebugCXX|x64
		{41F05DE7-DABE-4156-8DB1-AE4F6C9DBF77}.DebugCXX|x64.Build.0 = DebugCXX|x64
		{41F05DE7-DABE-4156-8DB1-AE4F6C9DBF77}.DebugCXX|x86.ActiveCfg = DebugCXX|Win32
		{41F05DE7-DABE-4156-8DB1-AE4F6C9DBF77}.DebugCXX|x86.Build.0 = DebugCXX|Win32
		{41F05DE7-DABE-4156-8DB1-AE4F6C9DBF77}.Release|x64.ActiveCfg = Release|x64
		{41F05DE7-DABE-4156-8DB1-AE4F6C9DBF77}.Release|x64.Build.0 = Release|x64
		{41F05DE7-DABE-4156-8DB1-AE4F6C9DBF77}.Release|x86.ActiveCfg = Release|Win32
		{41F05DE7-DABE-4156-8DB1-AE4F6C9DBF77}.Release|x86.Build.0 = Release|Win32
		{41F05DE7-DABE-4156-8DB1-AE4F6C9DBF77}.ReleaseCXX|x64.ActiveCfg = ReleaseCXX|x64
		{41F05DE7-DABE-4156-8DB1-AE4F6C9DBF77}.ReleaseCXX|x64.Build.0 = ReleaseCXX|x64
		{41F05DE7-DABE-4156-8DB1-AE4F6C9DBF77}.ReleaseCXX|x86.ActiveCfg = ReleaseCXX|Win32
		{41F05DE7-DABE-4156-8DB1-AE4F6C9DBF77}.ReleaseCXX|x86.Build.0 = ReleaseCXX|Win32
	EndGlobalSection
	GlobalSection(SolutionProperties) = preSolution
		HideSolutionNode = FALSE
	EndGlobalSection
	GlobalSection(ExtensibilityGlobals) = postSolution
		SolutionGuid = {188CB31D-FDF2-4E03-B290-897A92A64E46}
	EndGlobalSection
EndGlobal
